
Microsoft Visual Studio Solution File, Format Version 12.00
# Visual Studio Version 17
VisualStudioVersion = 17.3.32929.385
MinimumVisualStudioVersion = 10.0.40219.1
Project("{888888A0-9F3D-457C-B088-3A5042F75D52}") = "FunctionIn1Method", "FunctionIn1Method.pyproj", "{C87572F3-9032-450E-B074-5A77FC1CCBD7}"
EndProject
Global
	GlobalSection(SolutionConfigurationPlatforms) = preSolution
		Debug|Any CPU = Debug|Any CPU
		Release|Any CPU = Release|Any CPU
	EndGlobalSection
	GlobalSection(ProjectConfigurationPlatforms) = postSolution
		{C87572F3-9032-450E-B074-5A77FC1CCBD7}.Debug|Any CPU.ActiveCfg = Debug|Any CPU
		{C87572F3-9032-450E-B074-5A77FC1CCBD7}.Release|Any CPU.ActiveCfg = Release|Any CPU
	EndGlobalSection
	GlobalSection(SolutionProperties) = preSolution
		HideSolutionNode = FALSE
	EndGlobalSection
	GlobalSection(ExtensibilityGlobals) = postSolution
		SolutionGuid = {580AD7DB-6481-45AF-8FBF-8C993E65C019}
	EndGlobalSection
EndGlobal
